
Microsoft Visual Studio Solution File, Format Version 12.00
# Visual Studio Version 17
VisualStudioVersion = 17.2.32630.192
MinimumVisualStudioVersion = 10.0.40219.1
Project("{FAE04EC0-301F-11D3-BF4B-00C04F79EFBC}") = "BulkyBookWeb", "BulkyBookWeb\BulkyBookWeb.csproj", "{8A5E6696-6B71-4D3C-876B-EDF1BE7FA7A6}"
EndProject
Global
	GlobalSection(SolutionConfigurationPlatforms) = preSolution
		Debug|Any CPU = Debug|Any CPU
		Release|Any CPU = Release|Any CPU
	EndGlobalSection
	GlobalSection(ProjectConfigurationPlatforms) = postSolution
		{8A5E6696-6B71-4D3C-876B-EDF1BE7FA7A6}.Debug|Any CPU.ActiveCfg = Debug|Any CPU
		{8A5E6696-6B71-4D3C-876B-EDF1BE7FA7A6}.Debug|Any CPU.Build.0 = Debug|Any CPU
		{8A5E6696-6B71-4D3C-876B-EDF1BE7FA7A6}.Release|Any CPU.ActiveCfg = Release|Any CPU
		{8A5E6696-6B71-4D3C-876B-EDF1BE7FA7A6}.Release|Any CPU.Build.0 = Release|Any CPU
	EndGlobalSection
	GlobalSection(SolutionProperties) = preSolution
		HideSolutionNode = FALSE
	EndGlobalSection
	GlobalSection(ExtensibilityGlobals) = postSolution
		SolutionGuid = {18CC9E29-466C-4E1E-9ED4-3B3631FDB09B}
	EndGlobalSection
EndGlobal
